
Microsoft Visual Studio Solution File, Format Version 12.00
# Visual Studio Version 17
VisualStudioVersion = 17.14.36603.0 d17.14
MinimumVisualStudioVersion = 10.0.40219.1
Project("{FAE04EC0-301F-11D3-BF4B-00C04F79EFBC}") = "PontrendszerDogaCon", "SikidomokDogaCon\PontrendszerDogaCon.csproj", "{2C7764DE-6097-4F5A-8EE9-155B1D5E0A15}"
EndProject
Project("{FAE04EC0-301F-11D3-BF4B-00C04F79EFBC}") = "PontrendszerDogaLib", "SikidomokDogaLibrary\PontrendszerDogaLib.csproj", "{12C9A13B-D935-4CE4-97F6-1883B48937FB}"
EndProject
Global
	GlobalSection(SolutionConfigurationPlatforms) = preSolution
		Debug|Any CPU = Debug|Any CPU
		Release|Any CPU = Release|Any CPU
	EndGlobalSection
	GlobalSection(ProjectConfigurationPlatforms) = postSolution
		{2C7764DE-6097-4F5A-8EE9-155B1D5E0A15}.Debug|Any CPU.ActiveCfg = Debug|Any CPU
		{2C7764DE-6097-4F5A-8EE9-155B1D5E0A15}.Debug|Any CPU.Build.0 = Debug|Any CPU
		{2C7764DE-6097-4F5A-8EE9-155B1D5E0A15}.Release|Any CPU.ActiveCfg = Release|Any CPU
		{2C7764DE-6097-4F5A-8EE9-155B1D5E0A15}.Release|Any CPU.Build.0 = Release|Any CPU
		{12C9A13B-D935-4CE4-97F6-1883B48937FB}.Debug|Any CPU.ActiveCfg = Debug|Any CPU
		{12C9A13B-D935-4CE4-97F6-1883B48937FB}.Debug|Any CPU.Build.0 = Debug|Any CPU
		{12C9A13B-D935-4CE4-97F6-1883B48937FB}.Release|Any CPU.ActiveCfg = Release|Any CPU
		{12C9A13B-D935-4CE4-97F6-1883B48937FB}.Release|Any CPU.Build.0 = Release|Any CPU
	EndGlobalSection
	GlobalSection(SolutionProperties) = preSolution
		HideSolutionNode = FALSE
	EndGlobalSection
	GlobalSection(ExtensibilityGlobals) = postSolution
		SolutionGuid = {8149FC41-4968-4340-8EAB-C3DCE49D7FC3}
	EndGlobalSection
EndGlobal
