
Microsoft Visual Studio Solution File, Format Version 12.00
# Visual Studio Version 17
VisualStudioVersion = 17.9.34902.65
MinimumVisualStudioVersion = 10.0.40219.1
Project("{FAE04EC0-301F-11D3-BF4B-00C04F79EFBC}") = "dolgozat", "dolgozat\dolgozat.csproj", "{FA2029E4-686A-49E2-AFB9-803892C5195C}"
EndProject
Global
	GlobalSection(SolutionConfigurationPlatforms) = preSolution
		Debug|Any CPU = Debug|Any CPU
		Release|Any CPU = Release|Any CPU
	EndGlobalSection
	GlobalSection(ProjectConfigurationPlatforms) = postSolution
		{FA2029E4-686A-49E2-AFB9-803892C5195C}.Debug|Any CPU.ActiveCfg = Debug|Any CPU
		{FA2029E4-686A-49E2-AFB9-803892C5195C}.Debug|Any CPU.Build.0 = Debug|Any CPU
		{FA2029E4-686A-49E2-AFB9-803892C5195C}.Release|Any CPU.ActiveCfg = Release|Any CPU
		{FA2029E4-686A-49E2-AFB9-803892C5195C}.Release|Any CPU.Build.0 = Release|Any CPU
	EndGlobalSection
	GlobalSection(SolutionProperties) = preSolution
		HideSolutionNode = FALSE
	EndGlobalSection
	GlobalSection(ExtensibilityGlobals) = postSolution
		SolutionGuid = {174D47F6-EDC6-4161-81A7-523823890A4C}
	EndGlobalSection
EndGlobal
