
Microsoft Visual Studio Solution File, Format Version 12.00
# Visual Studio Version 17
VisualStudioVersion = 17.9.34902.65
MinimumVisualStudioVersion = 10.0.40219.1
Project("{FAE04EC0-301F-11D3-BF4B-00C04F79EFBC}") = "tombgyak2", "tombgyak2\tombgyak2.csproj", "{303A0EF7-1FD5-4CC6-BA8D-0E8AE9C55AE0}"
EndProject
Global
	GlobalSection(SolutionConfigurationPlatforms) = preSolution
		Debug|Any CPU = Debug|Any CPU
		Release|Any CPU = Release|Any CPU
	EndGlobalSection
	GlobalSection(ProjectConfigurationPlatforms) = postSolution
		{303A0EF7-1FD5-4CC6-BA8D-0E8AE9C55AE0}.Debug|Any CPU.ActiveCfg = Debug|Any CPU
		{303A0EF7-1FD5-4CC6-BA8D-0E8AE9C55AE0}.Debug|Any CPU.Build.0 = Debug|Any CPU
		{303A0EF7-1FD5-4CC6-BA8D-0E8AE9C55AE0}.Release|Any CPU.ActiveCfg = Release|Any CPU
		{303A0EF7-1FD5-4CC6-BA8D-0E8AE9C55AE0}.Release|Any CPU.Build.0 = Release|Any CPU
	EndGlobalSection
	GlobalSection(SolutionProperties) = preSolution
		HideSolutionNode = FALSE
	EndGlobalSection
	GlobalSection(ExtensibilityGlobals) = postSolution
		SolutionGuid = {9C24178B-2F82-4AB3-9856-282F46E37B69}
	EndGlobalSection
EndGlobal
